PODS:
  - Flutter (1.0.0)
  - soundpool (0.0.1):
    - Flutter

DEPENDENCIES:
  - Flutter (from `Flutter`)
  - soundpool (from `.symlinks/plugins/soundpool/ios`)

EXTERNAL SOURCES:
  Flutter:
    :path: Flutter
  soundpool:
    :path: ".symlinks/plugins/soundpool/ios"

SPEC CHECKSUMS:
  Flutter: e0871f40cf51350855a761d2e70bf5af5b9b5de7
  soundpool: cbfc34dbc42a1bb19426aaccf20e9cdd250b45e5

PODFILE CHECKSUM: 4305caec6b40dde0ae97be1573c53de1882a07e5

COCOAPODS: 1.16.2
